
Microsoft Visual Studio Solution File, Format Version 12.00
# Visual Studio 15
VisualStudioVersion = 15.0.26730.16
MinimumVisualStudioVersion = 10.0.40219.1
Project("{FAE04EC0-301F-11D3-BF4B-00C04F79EFBC}") = "RabbitMQ.Demo", "RabbitMQ.Demo.csproj", "{D6B72B56-CC48-41E5-89A5-C0EBD9493587}"
EndProject
Project("{FAE04EC0-301F-11D3-BF4B-00C04F79EFBC}") = "RabbitMQ.Producer", "RabbitMQ.Producer\RabbitMQ.Producer.csproj", "{3DBB41A8-35F4-45AE-9F1B-6125CAD97527}"
EndProject
Project("{FAE04EC0-301F-11D3-BF4B-00C04F79EFBC}") = "RabbitMQ.Consumer", "RabbitMQ.Consumer\RabbitMQ.Consumer.csproj", "{4FAF435A-7ED8-4F36-9FCD-2D126EA161C0}"
EndProject
Project("{FAE04EC0-301F-11D3-BF4B-00C04F79EFBC}") = "RabbitMQ.Producer.Fanout", "RabbitMQ.Producer.Fanout\RabbitMQ.Producer.Fanout.csproj", "{C62868E8-CD12-489A-9075-59672820DEB8}"
EndProject
Project("{FAE04EC0-301F-11D3-BF4B-00C04F79EFBC}") = "RabbitMQ.Consumer.Fanout", "RabbitMQ.Consumer.Fanout\RabbitMQ.Consumer.Fanout.csproj", "{958AA42D-17C1-4F42-A9C5-8B4D36D0A1F8}"
EndProject
Global
	GlobalSection(SolutionConfigurationPlatforms) = preSolution
		Debug|Any CPU = Debug|Any CPU
		Release|Any CPU = Release|Any CPU
	EndGlobalSection
	GlobalSection(ProjectConfigurationPlatforms) = postSolution
		{D6B72B56-CC48-41E5-89A5-C0EBD9493587}.Debug|Any CPU.ActiveCfg = Debug|Any CPU
		{D6B72B56-CC48-41E5-89A5-C0EBD9493587}.Debug|Any CPU.Build.0 = Debug|Any CPU
		{D6B72B56-CC48-41E5-89A5-C0EBD9493587}.Release|Any CPU.ActiveCfg = Release|Any CPU
		{D6B72B56-CC48-41E5-89A5-C0EBD9493587}.Release|Any CPU.Build.0 = Release|Any CPU
		{3DBB41A8-35F4-45AE-9F1B-6125CAD97527}.Debug|Any CPU.ActiveCfg = Debug|Any CPU
		{3DBB41A8-35F4-45AE-9F1B-6125CAD97527}.Debug|Any CPU.Build.0 = Debug|Any CPU
		{3DBB41A8-35F4-45AE-9F1B-6125CAD97527}.Release|Any CPU.ActiveCfg = Release|Any CPU
		{3DBB41A8-35F4-45AE-9F1B-6125CAD97527}.Release|Any CPU.Build.0 = Release|Any CPU
		{4FAF435A-7ED8-4F36-9FCD-2D126EA161C0}.Debug|Any CPU.ActiveCfg = Debug|Any CPU
		{4FAF435A-7ED8-4F36-9FCD-2D126EA161C0}.Debug|Any CPU.Build.0 = Debug|Any CPU
		{4FAF435A-7ED8-4F36-9FCD-2D126EA161C0}.Release|Any CPU.ActiveCfg = Release|Any CPU
		{4FAF435A-7ED8-4F36-9FCD-2D126EA161C0}.Release|Any CPU.Build.0 = Release|Any CPU
		{C62868E8-CD12-489A-9075-59672820DEB8}.Debug|Any CPU.ActiveCfg = Debug|Any CPU
		{C62868E8-CD12-489A-9075-59672820DEB8}.Debug|Any CPU.Build.0 = Debug|Any CPU
		{C62868E8-CD12-489A-9075-59672820DEB8}.Release|Any CPU.ActiveCfg = Release|Any CPU
		{C62868E8-CD12-489A-9075-59672820DEB8}.Release|Any CPU.Build.0 = Release|Any CPU
		{958AA42D-17C1-4F42-A9C5-8B4D36D0A1F8}.Debug|Any CPU.ActiveCfg = Debug|Any CPU
		{958AA42D-17C1-4F42-A9C5-8B4D36D0A1F8}.Debug|Any CPU.Build.0 = Debug|Any CPU
		{958AA42D-17C1-4F42-A9C5-8B4D36D0A1F8}.Release|Any CPU.ActiveCfg = Release|Any CPU
		{958AA42D-17C1-4F42-A9C5-8B4D36D0A1F8}.Release|Any CPU.Build.0 = Release|Any CPU
	EndGlobalSection
	GlobalSection(SolutionProperties) = preSolution
		HideSolutionNode = FALSE
	EndGlobalSection
	GlobalSection(ExtensibilityGlobals) = postSolution
		SolutionGuid = {2B61D5DF-D889-492B-8E4A-469FE70EA8FD}
	EndGlobalSection
EndGlobal
